# THIS IS AN AUTOGENERATED FILE. DO NOT EDIT THIS FILE DIRECTLY.
# yarn lockfile v1


"@georgedoescode/spline@^1.0.1":
  version "1.0.1"
  resolved "https://registry.yarnpkg.com/@georgedoescode/spline/-/spline-1.0.1.tgz#62da66f90604e7a5bbd5d98e48371427f0e5d0ed"
  integrity sha512-TlNv3mkCxNOrbbKBshZbu54Zf9lLh2b7YZdnynDLYnkagTtWt1ERu5+csWnHsA3uCn6P2OmS8MBLGGDLiKxI+A==
